// !$*UTF8*$!
{
	archiveVersion = 1;
	classes = {
	};
	objectVersion = 50;
	objects = {

/* Begin PBXBuildFile section */
		48D3545A20D111F100436998 /* AppDelegate.swift in Sources */ = {isa = PBXBuildFile; fileRef = 48D3545920D111F100436998 /* AppDelegate.swift */; };
		48D3545C20D111F100436998 /* ViewController.swift in Sources */ = {isa = PBXBuildFile; fileRef = 48D3545B20D111F100436998 /* ViewController.swift */; };
		48D3545F20D111F100436998 /* Main.storyboard in Resources */ = {isa = PBXBuildFile; fileRef = 48D3545D20D111F100436998 /* Main.storyboard */; };
		48D3546220D111F100436998 /* TextDetect.xcdatamodeld in Sources */ = {isa = PBXBuildFile; fileRef = 48D3546020D111F100436998 /* TextDetect.xcdatamodeld */; };
		48D3546420D111F800436998 /* Assets.xcassets in Resources */ = {isa = PBXBuildFile; fileRef = 48D3546320D111F800436998 /* Assets.xcassets */; };
		48D3546720D111F800436998 /* LaunchScreen.storyboard in Resources */ = {isa = PBXBuildFile; fileRef = 48D3546520D111F800436998 /* LaunchScreen.storyboard */; };
		CF758E9421FB8B55005AA29F /* GoogleTranslate.swift in Sources */ = {isa = PBXBuildFile; fileRef = CF758E9321FB8B55005AA29F /* GoogleTranslate.swift */; };
		DBAFECCA48C6AC92ED3C25D3 /* Pods_TextDetect.framework in Frameworks */ = {isa = PBXBuildFile; fileRef = 85F9C3BAF0E08F303695B9A4 /* Pods_TextDetect.framework */; };
/* End PBXBuildFile section */

/* Begin PBXFileReference section */
		48D3545620D111F100436998 /* TextDetect.app */ = {isa = PBXFileReference; explicitFileType = wrapper.application; includeInIndex = 0; path = TextDetect.app; sourceTree = BUILT_PRODUCTS_DIR; };
		48D3545920D111F100436998 /* AppDelegate.swift */ = {isa = PBXFileReference; lastKnownFileType = sourcecode.swift; path = AppDelegate.swift; sourceTree = "<group>"; };
		48D3545B20D111F100436998 /* ViewController.swift */ = {isa = PBXFileReference; lastKnownFileType = sourcecode.swift; path = ViewController.swift; sourceTree = "<group>"; };
		48D3545E20D111F100436998 /* Base */ = {isa = PBXFileReference; lastKnownFileType = file.storyboard; name = Base; path = Base.lproj/Main.storyboard; sourceTree = "<group>"; };
		48D3546120D111F100436998 /* TextDetect.xcdatamodel */ = {isa = PBXFileReference; lastKnownFileType = wrapper.xcdatamodel; path = TextDetect.xcdatamodel; sourceTree = "<group>"; };
		48D3546320D111F800436998 /* Assets.xcassets */ = {isa = PBXFileReference; lastKnownFileType = folder.assetcatalog; path = Assets.xcassets; sourceTree = "<group>"; };
		48D3546620D111F800436998 /* Base */ = {isa = PBXFileReference; lastKnownFileType = file.storyboard; name = Base; path = Base.lproj/LaunchScreen.storyboard; sourceTree = "<group>"; };
		48D3546820D111F800436998 /* Info.plist */ = {isa = PBXFileReference; lastKnownFileType = text.plist.xml; path = Info.plist; sourceTree = "<group>"; };
		632043D7B63C88E5BA0ED229 /* Pods-TextDetect.debug.xcconfig */ = {isa = PBXFileReference; includeInIndex = 1; lastKnownFileType = text.xcconfig; name = "Pods-TextDetect.debug.xcconfig"; path = "Pods/Target Support Files/Pods-TextDetect/Pods-TextDetect.debug.xcconfig"; sourceTree = "<group>"; };
		85F9C3BAF0E08F303695B9A4 /* Pods_TextDetect.framework */ = {isa = PBXFileReference; explicitFileType = wrapper.framework; includeInIndex = 0; path = Pods_TextDetect.framework; sourceTree = BUILT_PRODUCTS_DIR; };
		CF758E9321FB8B55005AA29F /* GoogleTranslate.swift */ = {isa = PBXFileReference; lastKnownFileType = sourcecode.swift; path = GoogleTranslate.swift; sourceTree = "<group>"; };
		F5A5F2E5604595527F8454C3 /* Pods-TextDetect.release.xcconfig */ = {isa = PBXFileReference; includeInIndex = 1; lastKnownFileType = text.xcconfig; name = "Pods-TextDetect.release.xcconfig"; path = "Pods/Target Support Files/Pods-TextDetect/Pods-TextDetect.release.xcconfig"; sourceTree = "<group>"; };
/* End PBXFileReference section */

/* Begin PBXFrameworksBuildPhase section */
		48D3545320D111F100436998 /* Frameworks */ = {
			isa = PBXFrameworksBuildPhase;
			buildActionMask = 2147483647;
			files = (
				DBAFECCA48C6AC92ED3C25D3 /* Pods_TextDetect.framework in Frameworks */,
			);
			runOnlyForDeploymentPostprocessing = 0;
		};
/* End PBXFrameworksBuildPhase section */

/* Begin PBXGroup section */
		1FE60AE345C21E9CAFC7C2E4 /* Pods */ = {
			isa = PBXGroup;
			children = (
				632043D7B63C88E5BA0ED229 /* Pods-TextDetect.debug.xcconfig */,
				F5A5F2E5604595527F8454C3 /* Pods-TextDetect.release.xcconfig */,
			);
			name = Pods;
			sourceTree = "<group>";
		};
		48D3544D20D111F100436998 = {
			isa = PBXGroup;
			children = (
				48D3545820D111F100436998 /* TextDetect */,
				48D3545720D111F100436998 /* Products */,
				1FE60AE345C21E9CAFC7C2E4 /* Pods */,
				C18176343B9650701FE632B0 /* Frameworks */,
			);
			sourceTree = "<group>";
		};
		48D3545720D111F100436998 /* Products */ = {
			isa = PBXGroup;
			children = (
				48D3545620D111F100436998 /* TextDetect.app */,
			);
			name = Products;
			sourceTree = "<group>";
		};
		48D3545820D111F100436998 /* TextDetect */ = {
			isa = PBXGroup;
			children = (
				48D3545920D111F100436998 /* AppDelegate.swift */,
				48D3545B20D111F100436998 /* ViewController.swift */,
				48D3545D20D111F100436998 /* Main.storyboard */,
				48D3546320D111F800436998 /* Assets.xcassets */,
				48D3546520D111F800436998 /* LaunchScreen.storyboard */,
				48D3546820D111F800436998 /* Info.plist */,
				48D3546020D111F100436998 /* TextDetect.xcdatamodeld */,
				CF758E9321FB8B55005AA29F /* GoogleTranslate.swift */,
			);
			path = TextDetect;
			sourceTree = "<group>";
		};
		C18176343B9650701FE632B0 /* Frameworks */ = {
			isa = PBXGroup;
			children = (
				85F9C3BAF0E08F303695B9A4 /* Pods_TextDetect.framework */,
			);
			name = Frameworks;
			sourceTree = "<group>";
		};
/* End PBXGroup section */

/* Begin PBXNativeTarget section */
		48D3545520D111F100436998 /* TextDetect */ = {
			isa = PBXNativeTarget;
			buildConfigurationList = 48D3546B20D111F800436998 /* Build configuration list for PBXNativeTarget "TextDetect" */;
			buildPhases = (
				70CAABF895D9E7F2AA69ABD2 /* [CP] Check Pods Manifest.lock */,
				48D3545220D111F100436998 /* Sources */,
				48D3545320D111F100436998 /* Frameworks */,
				48D3545420D111F100436998 /* Resources */,
				4141F0FF9C12592E2CC51708 /* [CP] Embed Pods Frameworks */,
				3846B554DAE96DFFB997E5F6 /* [CP] Copy Pods Resources */,
			);
			buildRules = (
			);
			dependencies = (
			);
			name = TextDetect;
			productName = TextDetect;
			productReference = 48D3545620D111F100436998 /* TextDetect.app */;
			productType = "com.apple.product-type.application";
		};
/* End PBXNativeTarget section */

/* Begin PBXProject section */
		48D3544E20D111F100436998 /* Project object */ = {
			isa = PBXProject;
			attributes = {
				LastSwiftUpdateCheck = 0940;
				LastUpgradeCheck = 0940;
				ORGANIZATIONNAME = Assignment;
				TargetAttributes = {
					48D3545520D111F100436998 = {
						CreatedOnToolsVersion = 9.4;
					};
				};
			};
			buildConfigurationList = 48D3545120D111F100436998 /* Build configuration list for PBXProject "TextDetect" */;
			compatibilityVersion = "Xcode 9.3";
			developmentRegion = en;
			hasScannedForEncodings = 0;
			knownRegions = (
				en,
				Base,
			);
			mainGroup = 48D3544D20D111F100436998;
			productRefGroup = 48D3545720D111F100436998 /* Products */;
			projectDirPath = "";
			projectRoot = "";
			targets = (
				48D3545520D111F100436998 /* TextDetect */,
			);
		};
/* End PBXProject section */

/* Begin PBXResourcesBuildPhase section */
		48D3545420D111F100436998 /* Resources */ = {
			isa = PBXResourcesBuildPhase;
			buildActionMask = 2147483647;
			files = (
				48D3546720D111F800436998 /* LaunchScreen.storyboard in Resources */,
				48D3546420D111F800436998 /* Assets.xcassets in Resources */,
				48D3545F20D111F100436998 /* Main.storyboard in Resources */,
			);
			runOnlyForDeploymentPostprocessing = 0;
		};
/* End PBXResourcesBuildPhase section */

/* Begin PBXShellScriptBuildPhase section */
		3846B554DAE96DFFB997E5F6 /* [CP] Copy Pods Resources */ = {
			isa = PBXShellScriptBuildPhase;
			buildActionMask = 2147483647;
			files = (
			);
			inputPaths = (
				"${SRCROOT}/Pods/Target Support Files/Pods-TextDetect/Pods-TextDetect-resources.sh",
				"${PODS_CONFIGURATION_BUILD_DIR}/GoogleMobileVision/GoogleMVTextDetectorResources.bundle",
			);
			name = "[CP] Copy Pods Resources";
			outputPaths = (
				"${TARGET_BUILD_DIR}/${UNLOCALIZED_RESOURCES_FOLDER_PATH}/GoogleMVTextDetectorResources.bundle",
			);
			runOnlyForDeploymentPostprocessing = 0;
			shellPath = /bin/sh;
			shellScript = "\"${SRCROOT}/Pods/Target Support Files/Pods-TextDetect/Pods-TextDetect-resources.sh\"\n";
			showEnvVarsInLog = 0;
		};
		4141F0FF9C12592E2CC51708 /* [CP] Embed Pods Frameworks */ = {
			isa = PBXShellScriptBuildPhase;
			buildActionMask = 2147483647;
			files = (
			);
			inputPaths = (
				"${SRCROOT}/Pods/Target Support Files/Pods-TextDetect/Pods-TextDetect-frameworks.sh",
				"${BUILT_PRODUCTS_DIR}/GTMSessionFetcher/GTMSessionFetcher.framework",
				"${BUILT_PRODUCTS_DIR}/GoogleAPIClientForREST/GoogleAPIClientForREST.framework",
				"${BUILT_PRODUCTS_DIR}/GoogleToolboxForMac/GoogleToolboxForMac.framework",
				"${BUILT_PRODUCTS_DIR}/Protobuf/Protobuf.framework",
				"${BUILT_PRODUCTS_DIR}/nanopb/nanopb.framework",
			);
			name = "[CP] Embed Pods Frameworks";
			outputPaths = (
				"${TARGET_BUILD_DIR}/${FRAMEWORKS_FOLDER_PATH}/GTMSessionFetcher.framework",
				"${TARGET_BUILD_DIR}/${FRAMEWORKS_FOLDER_PATH}/GoogleAPIClientForREST.framework",
				"${TARGET_BUILD_DIR}/${FRAMEWORKS_FOLDER_PATH}/GoogleToolboxForMac.framework",
				"${TARGET_BUILD_DIR}/${FRAMEWORKS_FOLDER_PATH}/Protobuf.framework",
				"${TARGET_BUILD_DIR}/${FRAMEWORKS_FOLDER_PATH}/nanopb.framework",
			);
			runOnlyForDeploymentPostprocessing = 0;
			shellPath = /bin/sh;
			shellScript = "\"${SRCROOT}/Pods/Target Support Files/Pods-TextDetect/Pods-TextDetect-frameworks.sh\"\n";
			showEnvVarsInLog = 0;
		};
		70CAABF895D9E7F2AA69ABD2 /* [CP] Check Pods Manifest.lock */ = {
			isa = PBXShellScriptBuildPhase;
			buildActionMask = 2147483647;
			files = (
			);
			inputPaths = (
				"${PODS_PODFILE_DIR_PATH}/Podfile.lock",
				"${PODS_ROOT}/Manifest.lock",
			);
			name = "[CP] Check Pods Manifest.lock";
			outputPaths = (
				"$(DERIVED_FILE_DIR)/Pods-TextDetect-checkManifestLockResult.txt",
			);
			runOnlyForDeploymentPostprocessing = 0;
			shellPath = /bin/sh;
			shellScript = "diff \"${PODS_PODFILE_DIR_PATH}/Podfile.lock\" \"${PODS_ROOT}/Manifest.lock\" > /dev/null\nif [ $? != 0 ] ; then\n    # print error to STDERR\n    echo \"error: The sandbox is not in sync with the Podfile.lock. Run 'pod install' or update your CocoaPods installation.\" >&2\n    exit 1\nfi\n# This output is used by Xcode 'outputs' to avoid re-running this script phase.\necho \"SUCCESS\" > \"${SCRIPT_OUTPUT_FILE_0}\"\n";
			showEnvVarsInLog = 0;
		};
/* End PBXShellScriptBuildPhase section */

/* Begin PBXSourcesBuildPhase section */
		48D3545220D111F100436998 /* Sources */ = {
			isa = PBXSourcesBuildPhase;
			buildActionMask = 2147483647;
			files = (
				48D3545C20D111F100436998 /* ViewController.swift in Sources */,
				48D3546220D111F100436998 /* TextDetect.xcdatamodeld in Sources */,
				48D3545A20D111F100436998 /* AppDelegate.swift in Sources */,
				CF758E9421FB8B55005AA29F /* GoogleTranslate.swift in Sources */,
			);
			runOnlyForDeploymentPostprocessing = 0;
		};
/* End PBXSourcesBuildPhase section */

/* Begin PBXVariantGroup section */
		48D3545D20D111F100436998 /* Main.storyboard */ = {
			isa = PBXVariantGroup;
			children = (
				48D3545E20D111F100436998 /* Base */,
			);
			name = Main.storyboard;
			sourceTree = "<group>";
		};
		48D3546520D111F800436998 /* LaunchScreen.storyboard */ = {
			isa = PBXVariantGroup;
			children = (
				48D3546620D111F800436998 /* Base */,
			);
			name = LaunchScreen.storyboard;
			sourceTree = "<group>";
		};
/* End PBXVariantGroup section */

/* Begin XCBuildConfiguration section */
		48D3546920D111F800436998 /* Debug */ = {
			isa = XCBuildConfiguration;
			buildSettings = {
				ALWAYS_SEARCH_USER_PATHS = NO;
				CLANG_ANALYZER_NONNULL = YES;
				CLANG_ANALYZER_NUMBER_OBJECT_CONVERSION = YES_AGGRESSIVE;
				CLANG_CXX_LANGUAGE_STANDARD = "gnu++14";
				CLANG_CXX_LIBRARY = "libc++";
				CLANG_ENABLE_MODULES = YES;
				CLANG_ENABLE_OBJC_ARC = YES;
				CLANG_ENABLE_OBJC_WEAK = YES;
				CLANG_WARN_BLOCK_CAPTURE_AUTORELEASING = YES;
				CLANG_WARN_BOOL_CONVERSION = YES;
				CLANG_WARN_COMMA = YES;
				CLANG_WARN_CONSTANT_CONVERSION = YES;
				CLANG_WARN_DEPRECATED_OBJC_IMPLEMENTATIONS = YES;
				CLANG_WARN_DIRECT_OBJC_ISA_USAGE = YES_ERROR;
				CLANG_WARN_DOCUMENTATION_COMMENTS = YES;
				CLANG_WARN_EMPTY_BODY = YES;
				CLANG_WARN_ENUM_CONVERSION = YES;
				CLANG_WARN_INFINITE_RECURSION = YES;
				CLANG_WARN_INT_CONVERSION = YES;
				CLANG_WARN_NON_LITERAL_NULL_CONVERSION = YES;
				CLANG_WARN_OBJC_IMPLICIT_RETAIN_SELF = YES;
				CLANG_WARN_OBJC_LITERAL_CONVERSION = YES;
				CLANG_WARN_OBJC_ROOT_CLASS = YES_ERROR;
				CLANG_WARN_RANGE_LOOP_ANALYSIS = YES;
				CLANG_WARN_STRICT_PROTOTYPES = YES;
				CLANG_WARN_SUSPICIOUS_MOVE = YES;
				CLANG_WARN_UNGUARDED_AVAILABILITY = YES_AGGRESSIVE;
				CLANG_WARN_UNREACHABLE_CODE = YES;
				CLANG_WARN__DUPLICATE_METHOD_MATCH = YES;
				CODE_SIGN_IDENTITY = "iPhone Developer";
				COPY_PHASE_STRIP = NO;
				DEBUG_INFORMATION_FORMAT = dwarf;
				ENABLE_STRICT_OBJC_MSGSEND = YES;
				ENABLE_TESTABILITY = YES;
				GCC_C_LANGUAGE_STANDARD = gnu11;
				GCC_DYNAMIC_NO_PIC = NO;
				GCC_NO_COMMON_BLOCKS = YES;
				GCC_OPTIMIZATION_LEVEL = 0;
				GCC_PREPROCESSOR_DEFINITIONS = (
					"DEBUG=1",
					"$(inherited)",
				);
				GCC_WARN_64_TO_32_BIT_CONVERSION = YES;
				GCC_WARN_ABOUT_RETURN_TYPE = YES_ERROR;
				GCC_WARN_UNDECLARED_SELECTOR = YES;
				GCC_WARN_UNINITIALIZED_AUTOS = YES_AGGRESSIVE;
				GCC_WARN_UNUSED_FUNCTION = YES;
				GCC_WARN_UNUSED_VARIABLE = YES;
				IPHONEOS_DEPLOYMENT_TARGET = 11.4;
				MTL_ENABLE_DEBUG_INFO = YES;
				ONLY_ACTIVE_ARCH = YES;
				SDKROOT = iphoneos;
				SWIFT_ACTIVE_COMPILATION_CONDITIONS = DEBUG;
				SWIFT_OPTIMIZATION_LEVEL = "-Onone";
			};
			name = Debug;
		};
		48D3546A20D111F800436998 /* Release */ = {
			isa = XCBuildConfiguration;
			buildSettings = {
				ALWAYS_SEARCH_USER_PATHS = NO;
				CLANG_ANALYZER_NONNULL = YES;
				CLANG_ANALYZER_NUMBER_OBJECT_CONVERSION = YES_AGGRESSIVE;
				CLANG_CXX_LANGUAGE_STANDARD = "gnu++14";
				CLANG_CXX_LIBRARY = "libc++";
				CLANG_ENABLE_MODULES = YES;
				CLANG_ENABLE_OBJC_ARC = YES;
				CLANG_ENABLE_OBJC_WEAK = YES;
				CLANG_WARN_BLOCK_CAPTURE_AUTORELEASING = YES;
				CLANG_WARN_BOOL_CONVERSION = YES;
				CLANG_WARN_COMMA = YES;
				CLANG_WARN_CONSTANT_CONVERSION = YES;
				CLANG_WARN_DEPRECATED_OBJC_IMPLEMENTATIONS = YES;
				CLANG_WARN_DIRECT_OBJC_ISA_USAGE = YES_ERROR;
				CLANG_WARN_DOCUMENTATION_COMMENTS = YES;
				CLANG_WARN_EMPTY_BODY = YES;
				CLANG_WARN_ENUM_CONVERSION = YES;
				CLANG_WARN_INFINITE_RECURSION = YES;
				CLANG_WARN_INT_CONVERSION = YES;
				CLANG_WARN_NON_LITERAL_NULL_CONVERSION = YES;
				CLANG_WARN_OBJC_IMPLICIT_RETAIN_SELF = YES;
				CLANG_WARN_OBJC_LITERAL_CONVERSION = YES;
				CLANG_WARN_OBJC_ROOT_CLASS = YES_ERROR;
				CLANG_WARN_RANGE_LOOP_ANALYSIS = YES;
				CLANG_WARN_STRICT_PROTOTYPES = YES;
				CLANG_WARN_SUSPICIOUS_MOVE = YES;
				CLANG_WARN_UNGUARDED_AVAILABILITY = YES_AGGRESSIVE;
				CLANG_WARN_UNREACHABLE_CODE = YES;
				CLANG_WARN__DUPLICATE_METHOD_MATCH = YES;
				CODE_SIGN_IDENTITY = "iPhone Developer";
				COPY_PHASE_STRIP = NO;
				DEBUG_INFORMATION_FORMAT = "dwarf-with-dsym";
				ENABLE_NS_ASSERTIONS = NO;
				ENABLE_STRICT_OBJC_MSGSEND = YES;
				GCC_C_LANGUAGE_STANDARD = gnu11;
				GCC_NO_COMMON_BLOCKS = YES;
				GCC_WARN_64_TO_32_BIT_CONVERSION = YES;
				GCC_WARN_ABOUT_RETURN_TYPE = YES_ERROR;
				GCC_WARN_UNDECLARED_SELECTOR = YES;
				GCC_WARN_UNINITIALIZED_AUTOS = YES_AGGRESSIVE;
				GCC_WARN_UNUSED_FUNCTION = YES;
				GCC_WARN_UNUSED_VARIABLE = YES;
				IPHONEOS_DEPLOYMENT_TARGET = 11.4;
				MTL_ENABLE_DEBUG_INFO = NO;
				SDKROOT = iphoneos;
				SWIFT_COMPILATION_MODE = wholemodule;
				SWIFT_OPTIMIZATION_LEVEL = "-O";
				VALIDATE_PRODUCT = YES;
			};
			name = Release;
		};
		48D3546C20D111F800436998 /* Debug */ = {
			isa = XCBuildConfiguration;
			baseConfigurationReference = 632043D7B63C88E5BA0ED229 /* Pods-TextDetect.debug.xcconfig */;
			buildSettings = {
				ASSETCATALOG_COMPILER_APPICON_NAME = AppIcon;
				CODE_SIGN_STYLE = Automatic;
				INFOPLIST_FILE = TextDetect/Info.plist;
				IPHONEOS_DEPLOYMENT_TARGET = 11.0;
				LD_RUNPATH_SEARCH_PATHS = (
					"$(inherited)",
					"@executable_path/Frameworks",
				);
				PRODUCT_BUNDLE_IDENTIFIER = com.assignment.app.TextDetect;
				PRODUCT_NAME = "$(TARGET_NAME)";
				SWIFT_VERSION = 4.0;
				TARGETED_DEVICE_FAMILY = "1,2";
			};
			name = Debug;
		};
		48D3546D20D111F800436998 /* Release */ = {
			isa = XCBuildConfiguration;
			baseConfigurationReference = F5A5F2E5604595527F8454C3 /* Pods-TextDetect.release.xcconfig */;
			buildSettings = {
				ASSETCATALOG_COMPILER_APPICON_NAME = AppIcon;
				CODE_SIGN_STYLE = Automatic;
				INFOPLIST_FILE = TextDetect/Info.plist;
				IPHONEOS_DEPLOYMENT_TARGET = 11.0;
				LD_RUNPATH_SEARCH_PATHS = (
					"$(inherited)",
					"@executable_path/Frameworks",
				);
				PRODUCT_BUNDLE_IDENTIFIER = com.assignment.app.TextDetect;
				PRODUCT_NAME = "$(TARGET_NAME)";
				SWIFT_VERSION = 4.0;
				TARGETED_DEVICE_FAMILY = "1,2";
			};
			name = Release;
		};
/* End XCBuildConfiguration section */

/* Begin XCConfigurationList section */
		48D3545120D111F100436998 /* Build configuration list for PBXProject "TextDetect" */ = {
			isa = XCConfigurationList;
			buildConfigurations = (
				48D3546920D111F800436998 /* Debug */,
				48D3546A20D111F800436998 /* Release */,
			);
			defaultConfigurationIsVisible = 0;
			defaultConfigurationName = Release;
		};
		48D3546B20D111F800436998 /* Build configuration list for PBXNativeTarget "TextDetect" */ = {
			isa = XCConfigurationList;
			buildConfigurations = (
				48D3546C20D111F800436998 /* Debug */,
				48D3546D20D111F800436998 /* Release */,
			);
			defaultConfigurationIsVisible = 0;
			defaultConfigurationName = Release;
		};
/* End XCConfigurationList section */

/* Begin XCVersionGroup section */
		48D3546020D111F100436998 /* TextDetect.xcdatamodeld */ = {
			isa = XCVersionGroup;
			children = (
				48D3546120D111F100436998 /* TextDetect.xcdatamodel */,
			);
			currentVersion = 48D3546120D111F100436998 /* TextDetect.xcdatamodel */;
			path = TextDetect.xcdatamodeld;
			sourceTree = "<group>";
			versionGroupType = wrapper.xcdatamodel;
		};
/* End XCVersionGroup section */
	};
	rootObject = 48D3544E20D111F100436998 /* Project object */;
}
